
Microsoft Visual Studio Solution File, Format Version 10.00
# Visual Studio 2008
Project("{FAE04EC0-301F-11D3-BF4B-00C04F79EFBC}") = "辽宁科技大学软件学院网站项目", "辽宁科技大学软件学院网站项目\辽宁科技大学软件学院网站项目.csproj", "{52BBD371-356D-4BC5-9EC1-C471B0210CC6}"
EndProject
Global
	GlobalSection(SolutionConfigurationPlatforms) = preSolution
		Debug|Any CPU = Debug|Any CPU
		Release|Any CPU = Release|Any CPU
	EndGlobalSection
	GlobalSection(ProjectConfigurationPlatforms) = postSolution
		{52BBD371-356D-4BC5-9EC1-C471B0210CC6}.Debug|Any CPU.ActiveCfg = Debug|Any CPU
		{52BBD371-356D-4BC5-9EC1-C471B0210CC6}.Debug|Any CPU.Build.0 = Debug|Any CPU
		{52BBD371-356D-4BC5-9EC1-C471B0210CC6}.Release|Any CPU.ActiveCfg = Release|Any CPU
		{52BBD371-356D-4BC5-9EC1-C471B0210CC6}.Release|Any CPU.Build.0 = Release|Any CPU
	EndGlobalSection
	GlobalSection(SolutionProperties) = preSolution
		HideSolutionNode = FALSE
	EndGlobalSection
EndGlobal
